
Microsoft Visual Studio Solution File, Format Version 12.00
# Visual Studio Version 16
VisualStudioVersion = 16.0.34601.136
MinimumVisualStudioVersion = 10.0.40219.1
Project("{FAE04EC0-301F-11D3-BF4B-00C04F79EFBC}") = "FitnessTrackerProject", "FitnessTrackerProject\FitnessTrackerProject.csproj", "{8BFCF78F-7CCF-4E4D-B218-9FF778BCB501}"
EndProject
Global
	GlobalSection(SolutionConfigurationPlatforms) = preSolution
		Debug|Any CPU = Debug|Any CPU
		Release|Any CPU = Release|Any CPU
	EndGlobalSection
	GlobalSection(ProjectConfigurationPlatforms) = postSolution
		{8BFCF78F-7CCF-4E4D-B218-9FF778BCB501}.Debug|Any CPU.ActiveCfg = Debug|Any CPU
		{8BFCF78F-7CCF-4E4D-B218-9FF778BCB501}.Debug|Any CPU.Build.0 = Debug|Any CPU
		{8BFCF78F-7CCF-4E4D-B218-9FF778BCB501}.Release|Any CPU.ActiveCfg = Release|Any CPU
		{8BFCF78F-7CCF-4E4D-B218-9FF778BCB501}.Release|Any CPU.Build.0 = Release|Any CPU
	EndGlobalSection
	GlobalSection(SolutionProperties) = preSolution
		HideSolutionNode = FALSE
	EndGlobalSection
	GlobalSection(ExtensibilityGlobals) = postSolution
		SolutionGuid = {0CEE4C62-252D-4399-B284-4C2C743CD334}
	EndGlobalSection
EndGlobal
